<?xml version="1.0" encoding="utf-8"?>
<Project ToolsVersion="4.0" xmlns="http://schemas.microsoft.com/developer/msbuild/2003">
  <ItemGroup>
    <Filter Include="MeltingPot">
      <UniqueIdentifier>{88810BEC-7439-4D39-DD40-2695C917E829}</UniqueIdentifier>
    </Filter>
  </ItemGroup>
  <ItemGroup>
    <ClInclude Include="src\MeltingPot.h" />
    <ClInclude Include="src\MeltingPot\Application.h">
      <Filter>MeltingPot</Filter>
    </ClInclude>
    <ClInclude Include="src\MeltingPot\Core.h">
      <Filter>MeltingPot</Filter>
    </ClInclude>
    <ClInclude Include="src\MeltingPot\EntryPoint.h">
      <Filter>MeltingPot</Filter>
    </ClInclude>
    <ClInclude Include="src\MeltingPot\Log.h">
      <Filter>MeltingPot</Filter>
    </ClInclude>
  </ItemGroup>
  <ItemGroup>
    <ClCompile Include="src\MeltingPot\Application.cpp">
      <Filter>MeltingPot</Filter>
    </ClCompile>
    <ClCompile Include="src\MeltingPot\Log.cpp">
      <Filter>MeltingPot</Filter>
    </ClCompile>
  </ItemGroup>
</Project>