<?xml version="1.0" encoding="utf-8"?>
<Project ToolsVersion="4.0" xmlns="http://schemas.microsoft.com/developer/msbuild/2003">
  <ItemGroup>
    <Filter Include="MeltingPot">
      <UniqueIdentifier>{88810BEC-7439-4D39-DD40-2695C917E829}</UniqueIdentifier>
    </Filter>
    <Filter Include="MeltingPot\Events">
      <UniqueIdentifier>{6C245F0C-D83A-5DA2-21B2-E8C38D072E2A}</UniqueIdentifier>
    </Filter>
    <Filter Include="MeltingPot\ImGui">
      <UniqueIdentifier>{B2FCE0F8-9EF5-FF4A-C727-E5CFB37FDF56}</UniqueIdentifier>
    </Filter>
    <Filter Include="MeltingPot\Platform">
      <UniqueIdentifier>{DCF6D7BC-4858-B5CA-D1C5-FB7C3D26EC89}</UniqueIdentifier>
    </Filter>
    <Filter Include="MeltingPot\Platform\OpenGL">
      <UniqueIdentifier>{90D07632-7CE0-2203-E599-8721D1C8119C}</UniqueIdentifier>
    </Filter>
    <Filter Include="MeltingPot\Platform\Windows">
      <UniqueIdentifier>{16BD6CD9-82CA-9ABF-0BB1-96AA77BD6676}</UniqueIdentifier>
    </Filter>
  </ItemGroup>
  <ItemGroup>
    <ClInclude Include="src\MeltingPot.h" />
    <ClInclude Include="src\MeltingPot\Application.h">
      <Filter>MeltingPot</Filter>
    </ClInclude>
    <ClInclude Include="src\MeltingPot\Core.h">
      <Filter>MeltingPot</Filter>
    </ClInclude>
    <ClInclude Include="src\MeltingPot\EntryPoint.h">
      <Filter>MeltingPot</Filter>
    </ClInclude>
    <ClInclude Include="src\MeltingPot\Events\ApplicationEvent.h">
      <Filter>MeltingPot\Events</Filter>
    </ClInclude>
    <ClInclude Include="src\MeltingPot\Events\Events.h">
      <Filter>MeltingPot\Events</Filter>
    </ClInclude>
    <ClInclude Include="src\MeltingPot\Events\KeyEvent.h">
      <Filter>MeltingPot\Events</Filter>
    </ClInclude>
    <ClInclude Include="src\MeltingPot\Events\MouseEvent.h">
      <Filter>MeltingPot\Events</Filter>
    </ClInclude>
    <ClInclude Include="src\MeltingPot\ImGui\ImGuiLayer.h">
      <Filter>MeltingPot\ImGui</Filter>
    </ClInclude>
    <ClInclude Include="src\MeltingPot\Layer.h">
      <Filter>MeltingPot</Filter>
    </ClInclude>
    <ClInclude Include="src\MeltingPot\LayerStack.h">
      <Filter>MeltingPot</Filter>
    </ClInclude>
    <ClInclude Include="src\MeltingPot\Log.h">
      <Filter>MeltingPot</Filter>
    </ClInclude>
    <ClInclude Include="src\MeltingPot\Platform\OpenGL\ImGuiOpenGLRenderer.h">
      <Filter>MeltingPot\Platform\OpenGL</Filter>
    </ClInclude>
    <ClInclude Include="src\MeltingPot\Platform\Windows\WindowsWindow.h">
      <Filter>MeltingPot\Platform\Windows</Filter>
    </ClInclude>
    <ClInclude Include="src\MeltingPot\Window.h">
      <Filter>MeltingPot</Filter>
    </ClInclude>
    <ClInclude Include="src\mppch.h" />
    <ClInclude Include="src\MeltingPot\Input.h" />
    <ClInclude Include="src\MeltingPot\Platform\Windows\WindowsInput.h" />
    <ClInclude Include="src\MeltingPot\KeyCodes.h" />
    <ClInclude Include="src\MeltingPot\MouseButtonCodes.h" />
  </ItemGroup>
  <ItemGroup>
    <ClCompile Include="src\MeltingPot\Application.cpp">
      <Filter>MeltingPot</Filter>
    </ClCompile>
    <ClCompile Include="src\MeltingPot\ImGui\ImGuiLayer.cpp">
      <Filter>MeltingPot\ImGui</Filter>
    </ClCompile>
    <ClCompile Include="src\MeltingPot\Layer.cpp">
      <Filter>MeltingPot</Filter>
    </ClCompile>
    <ClCompile Include="src\MeltingPot\LayerStack.cpp">
      <Filter>MeltingPot</Filter>
    </ClCompile>
    <ClCompile Include="src\MeltingPot\Log.cpp">
      <Filter>MeltingPot</Filter>
    </ClCompile>
    <ClCompile Include="src\MeltingPot\Platform\OpenGL\ImGuiOpenGLRenderer.cpp">
      <Filter>MeltingPot\Platform\OpenGL</Filter>
    </ClCompile>
    <ClCompile Include="src\MeltingPot\Platform\Windows\WindowsWindow.cpp">
      <Filter>MeltingPot\Platform\Windows</Filter>
    </ClCompile>
    <ClCompile Include="src\mppch.cpp" />
    <ClCompile Include="src\MeltingPot\Platform\Windows\WindowsInput.cpp" />
  </ItemGroup>
</Project>